
Microsoft Visual Studio Solution File, Format Version 12.00
# Visual Studio Version 16
VisualStudioVersion = 16.0.34031.81
MinimumVisualStudioVersion = 10.0.40219.1
Project("{8BC9CEB8-8B4A-11D0-8D11-00A0C91BC942}") = "单链表作业", "单链表作业.vcxproj", "{29CA4E2B-B194-420D-B549-F25F6AF63CC1}"
EndProject
Global
	GlobalSection(SolutionConfigurationPlatforms) = preSolution
		Debug|x64 = Debug|x64
		Debug|x86 = Debug|x86
		Release|x64 = Release|x64
		Release|x86 = Release|x86
	EndGlobalSection
	GlobalSection(ProjectConfigurationPlatforms) = postSolution
		{29CA4E2B-B194-420D-B549-F25F6AF63CC1}.Debug|x64.ActiveCfg = Debug|x64
		{29CA4E2B-B194-420D-B549-F25F6AF63CC1}.Debug|x64.Build.0 = Debug|x64
		{29CA4E2B-B194-420D-B549-F25F6AF63CC1}.Debug|x86.ActiveCfg = Debug|Win32
		{29CA4E2B-B194-420D-B549-F25F6AF63CC1}.Debug|x86.Build.0 = Debug|Win32
		{29CA4E2B-B194-420D-B549-F25F6AF63CC1}.Release|x64.ActiveCfg = Release|x64
		{29CA4E2B-B194-420D-B549-F25F6AF63CC1}.Release|x64.Build.0 = Release|x64
		{29CA4E2B-B194-420D-B549-F25F6AF63CC1}.Release|x86.ActiveCfg = Release|Win32
		{29CA4E2B-B194-420D-B549-F25F6AF63CC1}.Release|x86.Build.0 = Release|Win32
	EndGlobalSection
	GlobalSection(SolutionProperties) = preSolution
		HideSolutionNode = FALSE
	EndGlobalSection
	GlobalSection(ExtensibilityGlobals) = postSolution
		SolutionGuid = {78C3A9F7-C33B-49BC-9064-56B0AC86F605}
	EndGlobalSection
EndGlobal
